
Microsoft Visual Studio Solution File, Format Version 12.00
# Visual Studio 14
VisualStudioVersion = 14.0.25420.1
MinimumVisualStudioVersion = 10.0.40219.1
Project("{FAE04EC0-301F-11D3-BF4B-00C04F79EFBC}") = "ninja.web", "ninja\ninja.web.csproj", "{1981E7C9-6FAE-49E4-9BB9-FBCD1279361B}"
EndProject
Project("{FAE04EC0-301F-11D3-BF4B-00C04F79EFBC}") = "ninja.test", "ninja.test\ninja.test.csproj", "{FEEC3CC0-EA8F-4FC8-92E5-333BF0A69B61}"
EndProject
Project("{FAE04EC0-301F-11D3-BF4B-00C04F79EFBC}") = "ninja.model", "ninja.model\ninja.model.csproj", "{D0399EAC-B340-40E7-A13C-E5D9D0B05A18}"
EndProject
Global
	GlobalSection(SolutionConfigurationPlatforms) = preSolution
		Debug|Any CPU = Debug|Any CPU
		Release|Any CPU = Release|Any CPU
	EndGlobalSection
	GlobalSection(ProjectConfigurationPlatforms) = postSolution
		{1981E7C9-6FAE-49E4-9BB9-FBCD1279361B}.Debug|Any CPU.ActiveCfg = Debug|Any CPU
		{1981E7C9-6FAE-49E4-9BB9-FBCD1279361B}.Debug|Any CPU.Build.0 = Debug|Any CPU
		{1981E7C9-6FAE-49E4-9BB9-FBCD1279361B}.Release|Any CPU.ActiveCfg = Release|Any CPU
		{1981E7C9-6FAE-49E4-9BB9-FBCD1279361B}.Release|Any CPU.Build.0 = Release|Any CPU
		{FEEC3CC0-EA8F-4FC8-92E5-333BF0A69B61}.Debug|Any CPU.ActiveCfg = Debug|Any CPU
		{FEEC3CC0-EA8F-4FC8-92E5-333BF0A69B61}.Debug|Any CPU.Build.0 = Debug|Any CPU
		{FEEC3CC0-EA8F-4FC8-92E5-333BF0A69B61}.Release|Any CPU.ActiveCfg = Release|Any CPU
		{FEEC3CC0-EA8F-4FC8-92E5-333BF0A69B61}.Release|Any CPU.Build.0 = Release|Any CPU
		{D0399EAC-B340-40E7-A13C-E5D9D0B05A18}.Debug|Any CPU.ActiveCfg = Debug|Any CPU
		{D0399EAC-B340-40E7-A13C-E5D9D0B05A18}.Debug|Any CPU.Build.0 = Debug|Any CPU
		{D0399EAC-B340-40E7-A13C-E5D9D0B05A18}.Release|Any CPU.ActiveCfg = Release|Any CPU
		{D0399EAC-B340-40E7-A13C-E5D9D0B05A18}.Release|Any CPU.Build.0 = Release|Any CPU
	EndGlobalSection
	GlobalSection(SolutionProperties) = preSolution
		HideSolutionNode = FALSE
	EndGlobalSection
EndGlobal
